{
  "name": "monitoring",
  "version": "1.0.0",
  "lockfileVersion": 3,
  "requires": true,
  "packages": {
    "": {
      "name": "monitoring",
      "version": "1.0.0",
      "license": "MIT",
      "dependencies": {
        "dilithium-crystals": "^1.0.6",
        "falcon-crypto": "^1.0.6",
        "sphincs": "^3.0.4"
      }
    },
    "node_modules/dilithium-crystals": {
      "version": "1.0.6",
      "resolved": "https://registry.npmjs.org/dilithium-crystals/-/dilithium-crystals-1.0.6.tgz",
      "integrity": "sha512-zPMHDmr2l2A6ZU574cbwNn1AX1UkIIYcJTcN4DEycrKXtgqGp7kPYSpatzcEthTLEKwwYBWYyV6mO5HcBlZwyg=="
    },
    "node_modules/falcon-crypto": {
      "version": "1.0.6",
      "resolved": "https://registry.npmjs.org/falcon-crypto/-/falcon-crypto-1.0.6.tgz",
      "integrity": "sha512-viAJlA73IsQ+sis/2ucRzjAWRriZ361Mz9mjfyKHujm7cJBofzP2ns5tSuP04y0foef98WnLOfPp0MGr8/iIlg=="
    },
    "node_modules/sphincs": {
      "version": "3.0.4",
      "resolved": "https://registry.npmjs.org/sphincs/-/sphincs-3.0.4.tgz",
      "integrity": "sha512-GUW2oL6DoJgj9mHVfHJPn87vuhQtdGigXDpcrGCGgmdrZVX9AF5NrL3boElBqIy0oLGqSA/45k9dWHvCPSjj+Q=="
    }
  }
}
